// !$*UTF8*$!
{
	archiveVersion = 1;
	classes = {
	};
	objectVersion = 52;
	objects = {

/* Begin PBXBuildFile section */
		55B0AEF4ABD0B7AAB759CD9B /* Pods_Crypto_Currency_Rx.framework in Frameworks */ = {isa = PBXBuildFile; fileRef = 4CFCFE4B17C83DE0CD509227 /* Pods_Crypto_Currency_Rx.framework */; };
		CE0DB9E026D73DC3005617AC /* Localizable.strings in Resources */ = {isa = PBXBuildFile; fileRef = CE0DB9DF26D73DC3005617AC /* Localizable.strings */; };
		CE0DB9E526D7459E005617AC /* swiftgen.yml in Resources */ = {isa = PBXBuildFile; fileRef = CE0DB9E426D7459E005617AC /* swiftgen.yml */; };
		CE0DB9E726D74B04005617AC /* Strings+Generated.swift in Sources */ = {isa = PBXBuildFile; fileRef = CE0DB9E626D74B04005617AC /* Strings+Generated.swift */; };
		CE30E93426D391BA00A24355 /* AppDelegate.swift in Sources */ = {isa = PBXBuildFile; fileRef = CE30E93326D391BA00A24355 /* AppDelegate.swift */; };
		CE30E93626D391BA00A24355 /* SceneDelegate.swift in Sources */ = {isa = PBXBuildFile; fileRef = CE30E93526D391BA00A24355 /* SceneDelegate.swift */; };
		CE30E93D26D391BD00A24355 /* Assets.xcassets in Resources */ = {isa = PBXBuildFile; fileRef = CE30E93C26D391BD00A24355 /* Assets.xcassets */; };
		CE30E94026D391BD00A24355 /* LaunchScreen.storyboard in Resources */ = {isa = PBXBuildFile; fileRef = CE30E93E26D391BD00A24355 /* LaunchScreen.storyboard */; };
		CE30E94A26D3963300A24355 /* ObjectMapper in Frameworks */ = {isa = PBXBuildFile; productRef = CE30E94926D3963300A24355 /* ObjectMapper */; };
		CE30E95826D396E400A24355 /* Reusable in Frameworks */ = {isa = PBXBuildFile; productRef = CE30E95726D396E400A24355 /* Reusable */; };
		CE30E95B26D3970A00A24355 /* Then in Frameworks */ = {isa = PBXBuildFile; productRef = CE30E95A26D3970A00A24355 /* Then */; };
		CE30E95E26D3975700A24355 /* Alamofire in Frameworks */ = {isa = PBXBuildFile; productRef = CE30E95D26D3975700A24355 /* Alamofire */; };
		CE30E96726D3994A00A24355 /* TabBarController.swift in Sources */ = {isa = PBXBuildFile; fileRef = CE30E96626D3994A00A24355 /* TabBarController.swift */; };
		CE30E96A26D399AB00A24355 /* RxCocoa in Frameworks */ = {isa = PBXBuildFile; productRef = CE30E96926D399AB00A24355 /* RxCocoa */; };
		CE30E96C26D399AB00A24355 /* RxSwift in Frameworks */ = {isa = PBXBuildFile; productRef = CE30E96B26D399AB00A24355 /* RxSwift */; };
		CE30E97526D39B8800A24355 /* HomeViewController.swift in Sources */ = {isa = PBXBuildFile; fileRef = CE30E97326D39B8800A24355 /* HomeViewController.swift */; };
		CE30E97626D39B8800A24355 /* HomeViewController.xib in Resources */ = {isa = PBXBuildFile; fileRef = CE30E97426D39B8800A24355 /* HomeViewController.xib */; };
		CE30E97826D39B9600A24355 /* HomeViewModel.swift in Sources */ = {isa = PBXBuildFile; fileRef = CE30E97726D39B9600A24355 /* HomeViewModel.swift */; };
		CE30E97B26D39BDA00A24355 /* RankingViewController.swift in Sources */ = {isa = PBXBuildFile; fileRef = CE30E97926D39BDA00A24355 /* RankingViewController.swift */; };
		CE30E97C26D39BDA00A24355 /* RankingViewController.xib in Resources */ = {isa = PBXBuildFile; fileRef = CE30E97A26D39BDA00A24355 /* RankingViewController.xib */; };
		CE30E97E26D39BF100A24355 /* RankingViewModel.swift in Sources */ = {isa = PBXBuildFile; fileRef = CE30E97D26D39BF100A24355 /* RankingViewModel.swift */; };
		CE30E98126D39C3700A24355 /* FavoriteViewController.swift in Sources */ = {isa = PBXBuildFile; fileRef = CE30E97F26D39C3700A24355 /* FavoriteViewController.swift */; };
		CE30E98226D39C3700A24355 /* FavoriteViewController.xib in Resources */ = {isa = PBXBuildFile; fileRef = CE30E98026D39C3700A24355 /* FavoriteViewController.xib */; };
		CE30E98426D39C4F00A24355 /* FavoriteViewModel.swift in Sources */ = {isa = PBXBuildFile; fileRef = CE30E98326D39C4F00A24355 /* FavoriteViewModel.swift */; };
		CE61843B26D631F300F16FF0 /* RankingUseCase.swift in Sources */ = {isa = PBXBuildFile; fileRef = CE61843A26D631F300F16FF0 /* RankingUseCase.swift */; };
		CE61843D26D631FE00F16FF0 /* RankingNavigator.swift in Sources */ = {isa = PBXBuildFile; fileRef = CE61843C26D631FE00F16FF0 /* RankingNavigator.swift */; };
		CE61844126D6449A00F16FF0 /* CoinTableViewCell.swift in Sources */ = {isa = PBXBuildFile; fileRef = CE61843F26D6449A00F16FF0 /* CoinTableViewCell.swift */; };
		CE61844226D6449A00F16FF0 /* CoinTableViewCell.xib in Resources */ = {isa = PBXBuildFile; fileRef = CE61844026D6449A00F16FF0 /* CoinTableViewCell.xib */; };
		CE74197826D3DE9C0044308C /* APIService.swift in Sources */ = {isa = PBXBuildFile; fileRef = CE74197726D3DE9C0044308C /* APIService.swift */; };
		CE74197A26D3DEA90044308C /* Network.swift in Sources */ = {isa = PBXBuildFile; fileRef = CE74197926D3DEA90044308C /* Network.swift */; };
		CE74197F26D3DEF70044308C /* Coin.swift in Sources */ = {isa = PBXBuildFile; fileRef = CE74197E26D3DEF70044308C /* Coin.swift */; };
		CE74198126D3DF170044308C /* SimpleCoin.swift in Sources */ = {isa = PBXBuildFile; fileRef = CE74198026D3DF170044308C /* SimpleCoin.swift */; };
		CE74198326D3DF360044308C /* CoinDetail.swift in Sources */ = {isa = PBXBuildFile; fileRef = CE74198226D3DF360044308C /* CoinDetail.swift */; };
		CE74198526D3DF4B0044308C /* Link.swift in Sources */ = {isa = PBXBuildFile; fileRef = CE74198426D3DF4B0044308C /* Link.swift */; };
		CE74198826D3DF760044308C /* CoinRepository.swift in Sources */ = {isa = PBXBuildFile; fileRef = CE74198726D3DF760044308C /* CoinRepository.swift */; };
		CE74198A26D3E3E60044308C /* CoinResponse.swift in Sources */ = {isa = PBXBuildFile; fileRef = CE74198926D3E3E60044308C /* CoinResponse.swift */; };
		CE74198C26D3EFC70044308C /* Keys.plist in Resources */ = {isa = PBXBuildFile; fileRef = CE74198B26D3EFC70044308C /* Keys.plist */; };
		CE74199B26D494120044308C /* CoinCollectionViewCell.swift in Sources */ = {isa = PBXBuildFile; fileRef = CE74199926D494120044308C /* CoinCollectionViewCell.swift */; };
		CE74199C26D494120044308C /* CoinCollectionViewCell.xib in Resources */ = {isa = PBXBuildFile; fileRef = CE74199A26D494120044308C /* CoinCollectionViewCell.xib */; };
		CE7419A026D496900044308C /* UILabel+Extensions.swift in Sources */ = {isa = PBXBuildFile; fileRef = CE74199F26D496900044308C /* UILabel+Extensions.swift */; };
		CE7419A226D496BB0044308C /* String+Extensions.swift in Sources */ = {isa = PBXBuildFile; fileRef = CE7419A126D496BB0044308C /* String+Extensions.swift */; };
		CE7419A526D497870044308C /* SDWebImage in Frameworks */ = {isa = PBXBuildFile; productRef = CE7419A426D497870044308C /* SDWebImage */; };
		CE7419A926D498B90044308C /* HomeUseCase.swift in Sources */ = {isa = PBXBuildFile; fileRef = CE7419A826D498B90044308C /* HomeUseCase.swift */; };
		CE7419AB26D498CA0044308C /* HomeNavigator.swift in Sources */ = {isa = PBXBuildFile; fileRef = CE7419AA26D498CA0044308C /* HomeNavigator.swift */; };
		CE7419AE26D499040044308C /* DetailViewController.swift in Sources */ = {isa = PBXBuildFile; fileRef = CE7419AC26D499040044308C /* DetailViewController.swift */; };
		CE7419AF26D499040044308C /* DetailViewController.xib in Resources */ = {isa = PBXBuildFile; fileRef = CE7419AD26D499040044308C /* DetailViewController.xib */; };
		CE7419B126D4990F0044308C /* DetailViewModel.swift in Sources */ = {isa = PBXBuildFile; fileRef = CE7419B026D4990F0044308C /* DetailViewModel.swift */; };
		CE7419B626D4D85E0044308C /* RxDataSources in Frameworks */ = {isa = PBXBuildFile; productRef = CE7419B526D4D85E0044308C /* RxDataSources */; };
		CE7419B826D4DA940044308C /* Constants.swift in Sources */ = {isa = PBXBuildFile; fileRef = CE7419B726D4DA940044308C /* Constants.swift */; };
		CEDB414726D5ED2B00E0B6E2 /* NSObject-Rx in Frameworks */ = {isa = PBXBuildFile; productRef = CEDB414626D5ED2B00E0B6E2 /* NSObject-Rx */; };
/* End PBXBuildFile section */

/* Begin PBXFileReference section */
		4CFCFE4B17C83DE0CD509227 /* Pods_Crypto_Currency_Rx.framework */ = {isa = PBXFileReference; explicitFileType = wrapper.framework; includeInIndex = 0; path = Pods_Crypto_Currency_Rx.framework; sourceTree = BUILT_PRODUCTS_DIR; };
		6FA585AB9A2053451EF88369 /* Pods-Crypto-Currency-Rx.release.xcconfig */ = {isa = PBXFileReference; includeInIndex = 1; lastKnownFileType = text.xcconfig; name = "Pods-Crypto-Currency-Rx.release.xcconfig"; path = "Target Support Files/Pods-Crypto-Currency-Rx/Pods-Crypto-Currency-Rx.release.xcconfig"; sourceTree = "<group>"; };
		7468DE0ADD3FDA1B06402DEA /* Pods-Crypto-Currency-Rx.debug.xcconfig */ = {isa = PBXFileReference; includeInIndex = 1; lastKnownFileType = text.xcconfig; name = "Pods-Crypto-Currency-Rx.debug.xcconfig"; path = "Target Support Files/Pods-Crypto-Currency-Rx/Pods-Crypto-Currency-Rx.debug.xcconfig"; sourceTree = "<group>"; };
		CE0DB9DF26D73DC3005617AC /* Localizable.strings */ = {isa = PBXFileReference; lastKnownFileType = text.plist.strings; path = Localizable.strings; sourceTree = "<group>"; };
		CE0DB9E426D7459E005617AC /* swiftgen.yml */ = {isa = PBXFileReference; fileEncoding = 4; lastKnownFileType = text.yaml; path = swiftgen.yml; sourceTree = "<group>"; };
		CE0DB9E626D74B04005617AC /* Strings+Generated.swift */ = {isa = PBXFileReference; fileEncoding = 4; lastKnownFileType = sourcecode.swift; path = "Strings+Generated.swift"; sourceTree = "<group>"; };
		CE30E93026D391BA00A24355 /* Crypto-Currency-Rx.app */ = {isa = PBXFileReference; explicitFileType = wrapper.application; includeInIndex = 0; path = "Crypto-Currency-Rx.app"; sourceTree = BUILT_PRODUCTS_DIR; };
		CE30E93326D391BA00A24355 /* AppDelegate.swift */ = {isa = PBXFileReference; lastKnownFileType = sourcecode.swift; path = AppDelegate.swift; sourceTree = "<group>"; };
		CE30E93526D391BA00A24355 /* SceneDelegate.swift */ = {isa = PBXFileReference; lastKnownFileType = sourcecode.swift; path = SceneDelegate.swift; sourceTree = "<group>"; };
		CE30E93C26D391BD00A24355 /* Assets.xcassets */ = {isa = PBXFileReference; lastKnownFileType = folder.assetcatalog; path = Assets.xcassets; sourceTree = "<group>"; };
		CE30E93F26D391BD00A24355 /* Base */ = {isa = PBXFileReference; lastKnownFileType = file.storyboard; name = Base; path = Base.lproj/LaunchScreen.storyboard; sourceTree = "<group>"; };
		CE30E94126D391BD00A24355 /* Info.plist */ = {isa = PBXFileReference; lastKnownFileType = text.plist.xml; path = Info.plist; sourceTree = "<group>"; };
		CE30E96626D3994A00A24355 /* TabBarController.swift */ = {isa = PBXFileReference; lastKnownFileType = sourcecode.swift; path = TabBarController.swift; sourceTree = "<group>"; };
		CE30E97326D39B8800A24355 /* HomeViewController.swift */ = {isa = PBXFileReference; lastKnownFileType = sourcecode.swift; path = HomeViewController.swift; sourceTree = "<group>"; };
		CE30E97426D39B8800A24355 /* HomeViewController.xib */ = {isa = PBXFileReference; lastKnownFileType = file.xib; path = HomeViewController.xib; sourceTree = "<group>"; };
		CE30E97726D39B9600A24355 /* HomeViewModel.swift */ = {isa = PBXFileReference; lastKnownFileType = sourcecode.swift; path = HomeViewModel.swift; sourceTree = "<group>"; };
		CE30E97926D39BDA00A24355 /* RankingViewController.swift */ = {isa = PBXFileReference; lastKnownFileType = sourcecode.swift; path = RankingViewController.swift; sourceTree = "<group>"; };
		CE30E97A26D39BDA00A24355 /* RankingViewController.xib */ = {isa = PBXFileReference; lastKnownFileType = file.xib; path = RankingViewController.xib; sourceTree = "<group>"; };
		CE30E97D26D39BF100A24355 /* RankingViewModel.swift */ = {isa = PBXFileReference; lastKnownFileType = sourcecode.swift; path = RankingViewModel.swift; sourceTree = "<group>"; };
		CE30E97F26D39C3700A24355 /* FavoriteViewController.swift */ = {isa = PBXFileReference; lastKnownFileType = sourcecode.swift; path = FavoriteViewController.swift; sourceTree = "<group>"; };
		CE30E98026D39C3700A24355 /* FavoriteViewController.xib */ = {isa = PBXFileReference; lastKnownFileType = file.xib; path = FavoriteViewController.xib; sourceTree = "<group>"; };
		CE30E98326D39C4F00A24355 /* FavoriteViewModel.swift */ = {isa = PBXFileReference; lastKnownFileType = sourcecode.swift; path = FavoriteViewModel.swift; sourceTree = "<group>"; };
		CE61843A26D631F300F16FF0 /* RankingUseCase.swift */ = {isa = PBXFileReference; lastKnownFileType = sourcecode.swift; path = RankingUseCase.swift; sourceTree = "<group>"; };
		CE61843C26D631FE00F16FF0 /* RankingNavigator.swift */ = {isa = PBXFileReference; lastKnownFileType = sourcecode.swift; path = RankingNavigator.swift; sourceTree = "<group>"; };
		CE61843F26D6449A00F16FF0 /* CoinTableViewCell.swift */ = {isa = PBXFileReference; lastKnownFileType = sourcecode.swift; path = CoinTableViewCell.swift; sourceTree = "<group>"; };
		CE61844026D6449A00F16FF0 /* CoinTableViewCell.xib */ = {isa = PBXFileReference; lastKnownFileType = file.xib; path = CoinTableViewCell.xib; sourceTree = "<group>"; };
		CE74197726D3DE9C0044308C /* APIService.swift */ = {isa = PBXFileReference; lastKnownFileType = sourcecode.swift; path = APIService.swift; sourceTree = "<group>"; };
		CE74197926D3DEA90044308C /* Network.swift */ = {isa = PBXFileReference; lastKnownFileType = sourcecode.swift; path = Network.swift; sourceTree = "<group>"; };
		CE74197E26D3DEF70044308C /* Coin.swift */ = {isa = PBXFileReference; lastKnownFileType = sourcecode.swift; path = Coin.swift; sourceTree = "<group>"; };
		CE74198026D3DF170044308C /* SimpleCoin.swift */ = {isa = PBXFileReference; lastKnownFileType = sourcecode.swift; path = SimpleCoin.swift; sourceTree = "<group>"; };
		CE74198226D3DF360044308C /* CoinDetail.swift */ = {isa = PBXFileReference; lastKnownFileType = sourcecode.swift; path = CoinDetail.swift; sourceTree = "<group>"; };
		CE74198426D3DF4B0044308C /* Link.swift */ = {isa = PBXFileReference; lastKnownFileType = sourcecode.swift; path = Link.swift; sourceTree = "<group>"; };
		CE74198726D3DF760044308C /* CoinRepository.swift */ = {isa = PBXFileReference; lastKnownFileType = sourcecode.swift; path = CoinRepository.swift; sourceTree = "<group>"; };
		CE74198926D3E3E60044308C /* CoinResponse.swift */ = {isa = PBXFileReference; lastKnownFileType = sourcecode.swift; path = CoinResponse.swift; sourceTree = "<group>"; };
		CE74198B26D3EFC70044308C /* Keys.plist */ = {isa = PBXFileReference; lastKnownFileType = text.plist.xml; path = Keys.plist; sourceTree = "<group>"; };
		CE74199926D494120044308C /* CoinCollectionViewCell.swift */ = {isa = PBXFileReference; lastKnownFileType = sourcecode.swift; path = CoinCollectionViewCell.swift; sourceTree = "<group>"; };
		CE74199A26D494120044308C /* CoinCollectionViewCell.xib */ = {isa = PBXFileReference; lastKnownFileType = file.xib; path = CoinCollectionViewCell.xib; sourceTree = "<group>"; };
		CE74199F26D496900044308C /* UILabel+Extensions.swift */ = {isa = PBXFileReference; lastKnownFileType = sourcecode.swift; path = "UILabel+Extensions.swift"; sourceTree = "<group>"; };
		CE7419A126D496BB0044308C /* String+Extensions.swift */ = {isa = PBXFileReference; lastKnownFileType = sourcecode.swift; path = "String+Extensions.swift"; sourceTree = "<group>"; };
		CE7419A826D498B90044308C /* HomeUseCase.swift */ = {isa = PBXFileReference; lastKnownFileType = sourcecode.swift; path = HomeUseCase.swift; sourceTree = "<group>"; };
		CE7419AA26D498CA0044308C /* HomeNavigator.swift */ = {isa = PBXFileReference; lastKnownFileType = sourcecode.swift; path = HomeNavigator.swift; sourceTree = "<group>"; };
		CE7419AC26D499040044308C /* DetailViewController.swift */ = {isa = PBXFileReference; lastKnownFileType = sourcecode.swift; path = DetailViewController.swift; sourceTree = "<group>"; };
		CE7419AD26D499040044308C /* DetailViewController.xib */ = {isa = PBXFileReference; lastKnownFileType = file.xib; path = DetailViewController.xib; sourceTree = "<group>"; };
		CE7419B026D4990F0044308C /* DetailViewModel.swift */ = {isa = PBXFileReference; lastKnownFileType = sourcecode.swift; path = DetailViewModel.swift; sourceTree = "<group>"; };
		CE7419B726D4DA940044308C /* Constants.swift */ = {isa = PBXFileReference; lastKnownFileType = sourcecode.swift; path = Constants.swift; sourceTree = "<group>"; };
/* End PBXFileReference section */

/* Begin PBXFrameworksBuildPhase section */
		CE30E92D26D391BA00A24355 /* Frameworks */ = {
			isa = PBXFrameworksBuildPhase;
			buildActionMask = 2147483647;
			files = (
				CE30E96C26D399AB00A24355 /* RxSwift in Frameworks */,
				CE30E95E26D3975700A24355 /* Alamofire in Frameworks */,
				CE30E95826D396E400A24355 /* Reusable in Frameworks */,
				CE7419A526D497870044308C /* SDWebImage in Frameworks */,
				CEDB414726D5ED2B00E0B6E2 /* NSObject-Rx in Frameworks */,
				CE30E96A26D399AB00A24355 /* RxCocoa in Frameworks */,
				CE7419B626D4D85E0044308C /* RxDataSources in Frameworks */,
				CE30E95B26D3970A00A24355 /* Then in Frameworks */,
				CE30E94A26D3963300A24355 /* ObjectMapper in Frameworks */,
				55B0AEF4ABD0B7AAB759CD9B /* Pods_Crypto_Currency_Rx.framework in Frameworks */,
			);
			runOnlyForDeploymentPostprocessing = 0;
		};
/* End PBXFrameworksBuildPhase section */

/* Begin PBXGroup section */
		63A0469A33D3AE853183AA82 /* Frameworks */ = {
			isa = PBXGroup;
			children = (
				4CFCFE4B17C83DE0CD509227 /* Pods_Crypto_Currency_Rx.framework */,
			);
			name = Frameworks;
			sourceTree = "<group>";
		};
		CE0DB9DB26D73805005617AC /* Generated */ = {
			isa = PBXGroup;
			children = (
				CE0DB9E626D74B04005617AC /* Strings+Generated.swift */,
			);
			path = Generated;
			sourceTree = "<group>";
		};
		CE30E92726D391BA00A24355 = {
			isa = PBXGroup;
			children = (
				CE0DB9E426D7459E005617AC /* swiftgen.yml */,
				CE30E93226D391BA00A24355 /* Crypto-Currency-Rx */,
				CE30E93126D391BA00A24355 /* Products */,
				FD3DDD583382A9008CEF0F43 /* Pods */,
				63A0469A33D3AE853183AA82 /* Frameworks */,
			);
			sourceTree = "<group>";
		};
		CE30E93126D391BA00A24355 /* Products */ = {
			isa = PBXGroup;
			children = (
				CE30E93026D391BA00A24355 /* Crypto-Currency-Rx.app */,
			);
			name = Products;
			sourceTree = "<group>";
		};
		CE30E93226D391BA00A24355 /* Crypto-Currency-Rx */ = {
			isa = PBXGroup;
			children = (
				CE0DB9DB26D73805005617AC /* Generated */,
				CE30E96326D398F600A24355 /* Extensions */,
				CE30E95F26D3976300A24355 /* AppDelegate */,
				CE30E96426D3990D00A24355 /* Resource */,
				CE30E96026D398E000A24355 /* Domain */,
				CE30E96226D398EB00A24355 /* Platform */,
				CE30E96126D398E500A24355 /* Scenes */,
				CE30E94126D391BD00A24355 /* Info.plist */,
				CE7419B726D4DA940044308C /* Constants.swift */,
			);
			path = "Crypto-Currency-Rx";
			sourceTree = "<group>";
		};
		CE30E95F26D3976300A24355 /* AppDelegate */ = {
			isa = PBXGroup;
			children = (
				CE30E93526D391BA00A24355 /* SceneDelegate.swift */,
				CE30E93326D391BA00A24355 /* AppDelegate.swift */,
			);
			path = AppDelegate;
			sourceTree = "<group>";
		};
		CE30E96026D398E000A24355 /* Domain */ = {
			isa = PBXGroup;
			children = (
				CE74198626D3DF660044308C /* Repository */,
				CE74197D26D3DEE30044308C /* Model */,
			);
			path = Domain;
			sourceTree = "<group>";
		};
		CE30E96126D398E500A24355 /* Scenes */ = {
			isa = PBXGroup;
			children = (
				CE30E97226D39B7000A24355 /* ExchangeRates */,
				CE30E97126D39B6700A24355 /* DetailCoin */,
				CE30E97026D39B4D00A24355 /* Search */,
				CE30E96F26D39B4300A24355 /* Favorite */,
				CE30E96E26D39B3C00A24355 /* Ranking */,
				CE30E96D26D39B3400A24355 /* Home */,
				CE30E96526D3993D00A24355 /* Tabbar */,
			);
			path = Scenes;
			sourceTree = "<group>";
		};
		CE30E96226D398EB00A24355 /* Platform */ = {
			isa = PBXGroup;
			children = (
				CE74197626D3DE8D0044308C /* Service */,
			);
			path = Platform;
			sourceTree = "<group>";
		};
		CE30E96326D398F600A24355 /* Extensions */ = {
			isa = PBXGroup;
			children = (
				CE74199F26D496900044308C /* UILabel+Extensions.swift */,
				CE7419A126D496BB0044308C /* String+Extensions.swift */,
			);
			path = Extensions;
			sourceTree = "<group>";
		};
		CE30E96426D3990D00A24355 /* Resource */ = {
			isa = PBXGroup;
			children = (
				CE74198B26D3EFC70044308C /* Keys.plist */,
				CE30E93E26D391BD00A24355 /* LaunchScreen.storyboard */,
				CE30E93C26D391BD00A24355 /* Assets.xcassets */,
				CE0DB9DF26D73DC3005617AC /* Localizable.strings */,
			);
			path = Resource;
			sourceTree = "<group>";
		};
		CE30E96526D3993D00A24355 /* Tabbar */ = {
			isa = PBXGroup;
			children = (
				CE30E96626D3994A00A24355 /* TabBarController.swift */,
			);
			path = Tabbar;
			sourceTree = "<group>";
		};
		CE30E96D26D39B3400A24355 /* Home */ = {
			isa = PBXGroup;
			children = (
				CE74199826D493EC0044308C /* Cell */,
				CE30E97326D39B8800A24355 /* HomeViewController.swift */,
				CE30E97426D39B8800A24355 /* HomeViewController.xib */,
				CE30E97726D39B9600A24355 /* HomeViewModel.swift */,
				CE7419A826D498B90044308C /* HomeUseCase.swift */,
				CE7419AA26D498CA0044308C /* HomeNavigator.swift */,
			);
			path = Home;
			sourceTree = "<group>";
		};
		CE30E96E26D39B3C00A24355 /* Ranking */ = {
			isa = PBXGroup;
			children = (
				CE61843E26D6446A00F16FF0 /* Cell */,
				CE30E97926D39BDA00A24355 /* RankingViewController.swift */,
				CE30E97A26D39BDA00A24355 /* RankingViewController.xib */,
				CE30E97D26D39BF100A24355 /* RankingViewModel.swift */,
				CE61843A26D631F300F16FF0 /* RankingUseCase.swift */,
				CE61843C26D631FE00F16FF0 /* RankingNavigator.swift */,
			);
			path = Ranking;
			sourceTree = "<group>";
		};
		CE30E96F26D39B4300A24355 /* Favorite */ = {
			isa = PBXGroup;
			children = (
				CE30E97F26D39C3700A24355 /* FavoriteViewController.swift */,
				CE30E98026D39C3700A24355 /* FavoriteViewController.xib */,
				CE30E98326D39C4F00A24355 /* FavoriteViewModel.swift */,
			);
			path = Favorite;
			sourceTree = "<group>";
		};
		CE30E97026D39B4D00A24355 /* Search */ = {
			isa = PBXGroup;
			children = (
			);
			path = Search;
			sourceTree = "<group>";
		};
		CE30E97126D39B6700A24355 /* DetailCoin */ = {
			isa = PBXGroup;
			children = (
				CE7419AC26D499040044308C /* DetailViewController.swift */,
				CE7419AD26D499040044308C /* DetailViewController.xib */,
				CE7419B026D4990F0044308C /* DetailViewModel.swift */,
			);
			path = DetailCoin;
			sourceTree = "<group>";
		};
		CE30E97226D39B7000A24355 /* ExchangeRates */ = {
			isa = PBXGroup;
			children = (
			);
			path = ExchangeRates;
			sourceTree = "<group>";
		};
		CE61843E26D6446A00F16FF0 /* Cell */ = {
			isa = PBXGroup;
			children = (
				CE61843F26D6449A00F16FF0 /* CoinTableViewCell.swift */,
				CE61844026D6449A00F16FF0 /* CoinTableViewCell.xib */,
			);
			name = Cell;
			sourceTree = "<group>";
		};
		CE74197626D3DE8D0044308C /* Service */ = {
			isa = PBXGroup;
			children = (
				CE74197726D3DE9C0044308C /* APIService.swift */,
				CE74197926D3DEA90044308C /* Network.swift */,
			);
			name = Service;
			sourceTree = "<group>";
		};
		CE74197D26D3DEE30044308C /* Model */ = {
			isa = PBXGroup;
			children = (
				CE74198926D3E3E60044308C /* CoinResponse.swift */,
				CE74197E26D3DEF70044308C /* Coin.swift */,
				CE74198026D3DF170044308C /* SimpleCoin.swift */,
				CE74198226D3DF360044308C /* CoinDetail.swift */,
				CE74198426D3DF4B0044308C /* Link.swift */,
			);
			name = Model;
			sourceTree = "<group>";
		};
		CE74198626D3DF660044308C /* Repository */ = {
			isa = PBXGroup;
			children = (
				CE74198726D3DF760044308C /* CoinRepository.swift */,
			);
			path = Repository;
			sourceTree = "<group>";
		};
		CE74199826D493EC0044308C /* Cell */ = {
			isa = PBXGroup;
			children = (
				CE74199926D494120044308C /* CoinCollectionViewCell.swift */,
				CE74199A26D494120044308C /* CoinCollectionViewCell.xib */,
			);
			name = Cell;
			sourceTree = "<group>";
		};
		FD3DDD583382A9008CEF0F43 /* Pods */ = {
			isa = PBXGroup;
			children = (
				7468DE0ADD3FDA1B06402DEA /* Pods-Crypto-Currency-Rx.debug.xcconfig */,
				6FA585AB9A2053451EF88369 /* Pods-Crypto-Currency-Rx.release.xcconfig */,
			);
			path = Pods;
			sourceTree = "<group>";
		};
/* End PBXGroup section */

/* Begin PBXNativeTarget section */
		CE30E92F26D391BA00A24355 /* Crypto-Currency-Rx */ = {
			isa = PBXNativeTarget;
			buildConfigurationList = CE30E94426D391BD00A24355 /* Build configuration list for PBXNativeTarget "Crypto-Currency-Rx" */;
			buildPhases = (
				52437922488A8767BD52322D /* [CP] Check Pods Manifest.lock */,
				CE30E92C26D391BA00A24355 /* Sources */,
				CE30E92D26D391BA00A24355 /* Frameworks */,
				CE30E92E26D391BA00A24355 /* Resources */,
				CE30E94726D394F900A24355 /* ShellScript */,
				CE0DB9E326D7450B005617AC /* ShellScript */,
			);
			buildRules = (
			);
			dependencies = (
			);
			name = "Crypto-Currency-Rx";
			packageProductDependencies = (
				CE30E94926D3963300A24355 /* ObjectMapper */,
				CE30E95726D396E400A24355 /* Reusable */,
				CE30E95A26D3970A00A24355 /* Then */,
				CE30E95D26D3975700A24355 /* Alamofire */,
				CE30E96926D399AB00A24355 /* RxCocoa */,
				CE30E96B26D399AB00A24355 /* RxSwift */,
				CE7419A426D497870044308C /* SDWebImage */,
				CE7419B526D4D85E0044308C /* RxDataSources */,
				CEDB414626D5ED2B00E0B6E2 /* NSObject-Rx */,
			);
			productName = "Crypto-Currency-Rx";
			productReference = CE30E93026D391BA00A24355 /* Crypto-Currency-Rx.app */;
			productType = "com.apple.product-type.application";
		};
/* End PBXNativeTarget section */

/* Begin PBXProject section */
		CE30E92826D391BA00A24355 /* Project object */ = {
			isa = PBXProject;
			attributes = {
				LastSwiftUpdateCheck = 1250;
				LastUpgradeCheck = 1250;
				TargetAttributes = {
					CE30E92F26D391BA00A24355 = {
						CreatedOnToolsVersion = 12.5;
					};
				};
			};
			buildConfigurationList = CE30E92B26D391BA00A24355 /* Build configuration list for PBXProject "Crypto-Currency-Rx" */;
			compatibilityVersion = "Xcode 9.3";
			developmentRegion = en;
			hasScannedForEncodings = 0;
			knownRegions = (
				en,
				Base,
			);
			mainGroup = CE30E92726D391BA00A24355;
			packageReferences = (
				CE30E94826D3963300A24355 /* XCRemoteSwiftPackageReference "ObjectMapper" */,
				CE30E95626D396E400A24355 /* XCRemoteSwiftPackageReference "Reusable" */,
				CE30E95926D3970A00A24355 /* XCRemoteSwiftPackageReference "Then" */,
				CE30E95C26D3975700A24355 /* XCRemoteSwiftPackageReference "Alamofire" */,
				CE30E96826D399AB00A24355 /* XCRemoteSwiftPackageReference "RxSwift" */,
				CE7419A326D497870044308C /* XCRemoteSwiftPackageReference "SDWebImage" */,
				CE7419B426D4D85E0044308C /* XCRemoteSwiftPackageReference "RxDataSources" */,
				CEDB414526D5ED2B00E0B6E2 /* XCRemoteSwiftPackageReference "NSObject-Rx" */,
			);
			productRefGroup = CE30E93126D391BA00A24355 /* Products */;
			projectDirPath = "";
			projectRoot = "";
			targets = (
				CE30E92F26D391BA00A24355 /* Crypto-Currency-Rx */,
			);
		};
/* End PBXProject section */

/* Begin PBXResourcesBuildPhase section */
		CE30E92E26D391BA00A24355 /* Resources */ = {
			isa = PBXResourcesBuildPhase;
			buildActionMask = 2147483647;
			files = (
				CE74198C26D3EFC70044308C /* Keys.plist in Resources */,
				CE0DB9E026D73DC3005617AC /* Localizable.strings in Resources */,
				CE74199C26D494120044308C /* CoinCollectionViewCell.xib in Resources */,
				CE30E94026D391BD00A24355 /* LaunchScreen.storyboard in Resources */,
				CE7419AF26D499040044308C /* DetailViewController.xib in Resources */,
				CE30E93D26D391BD00A24355 /* Assets.xcassets in Resources */,
				CE30E97626D39B8800A24355 /* HomeViewController.xib in Resources */,
				CE30E98226D39C3700A24355 /* FavoriteViewController.xib in Resources */,
				CE0DB9E526D7459E005617AC /* swiftgen.yml in Resources */,
				CE30E97C26D39BDA00A24355 /* RankingViewController.xib in Resources */,
				CE61844226D6449A00F16FF0 /* CoinTableViewCell.xib in Resources */,
			);
			runOnlyForDeploymentPostprocessing = 0;
		};
/* End PBXResourcesBuildPhase section */

/* Begin PBXShellScriptBuildPhase section */
		52437922488A8767BD52322D /* [CP] Check Pods Manifest.lock */ = {
			isa = PBXShellScriptBuildPhase;
			buildActionMask = 2147483647;
			files = (
			);
			inputFileListPaths = (
			);
			inputPaths = (
				"${PODS_PODFILE_DIR_PATH}/Podfile.lock",
				"${PODS_ROOT}/Manifest.lock",
			);
			name = "[CP] Check Pods Manifest.lock";
			outputFileListPaths = (
			);
			outputPaths = (
				"$(DERIVED_FILE_DIR)/Pods-Crypto-Currency-Rx-checkManifestLockResult.txt",
			);
			runOnlyForDeploymentPostprocessing = 0;
			shellPath = /bin/sh;
			shellScript = "diff \"${PODS_PODFILE_DIR_PATH}/Podfile.lock\" \"${PODS_ROOT}/Manifest.lock\" > /dev/null\nif [ $? != 0 ] ; then\n    # print error to STDERR\n    echo \"error: The sandbox is not in sync with the Podfile.lock. Run 'pod install' or update your CocoaPods installation.\" >&2\n    exit 1\nfi\n# This output is used by Xcode 'outputs' to avoid re-running this script phase.\necho \"SUCCESS\" > \"${SCRIPT_OUTPUT_FILE_0}\"\n";
			showEnvVarsInLog = 0;
		};
		CE0DB9E326D7450B005617AC /* ShellScript */ = {
			isa = PBXShellScriptBuildPhase;
			buildActionMask = 2147483647;
			files = (
			);
			inputFileListPaths = (
			);
			inputPaths = (
			);
			outputFileListPaths = (
			);
			outputPaths = (
			);
			runOnlyForDeploymentPostprocessing = 0;
			shellPath = /bin/sh;
			shellScript = "if [[ -f \"${PODS_ROOT}/SwiftGen/bin/swiftgen\" ]]; then\n  \"${PODS_ROOT}/SwiftGen/bin/swiftgen\"\nelse\n  echo \"warning: SwiftGen is not installed. Run 'pod install --repo-update' to install it.\"\nfi \n";
		};
		CE30E94726D394F900A24355 /* ShellScript */ = {
			isa = PBXShellScriptBuildPhase;
			buildActionMask = 2147483647;
			files = (
			);
			inputFileListPaths = (
			);
			inputPaths = (
			);
			outputFileListPaths = (
			);
			outputPaths = (
			);
			runOnlyForDeploymentPostprocessing = 0;
			shellPath = /bin/sh;
			shellScript = "if which swiftlint >/dev/null; then\n  swiftlint\nelse\n  echo \"warning: SwiftLint not installed, download from https://github.com/realm/SwiftLint\"\nfi\n";
		};
/* End PBXShellScriptBuildPhase section */

/* Begin PBXSourcesBuildPhase section */
		CE30E92C26D391BA00A24355 /* Sources */ = {
			isa = PBXSourcesBuildPhase;
			buildActionMask = 2147483647;
			files = (
				CE74198126D3DF170044308C /* SimpleCoin.swift in Sources */,
				CE7419A226D496BB0044308C /* String+Extensions.swift in Sources */,
				CE30E98426D39C4F00A24355 /* FavoriteViewModel.swift in Sources */,
				CE30E96726D3994A00A24355 /* TabBarController.swift in Sources */,
				CE0DB9E726D74B04005617AC /* Strings+Generated.swift in Sources */,
				CE74198526D3DF4B0044308C /* Link.swift in Sources */,
				CE74198826D3DF760044308C /* CoinRepository.swift in Sources */,
				CE61844126D6449A00F16FF0 /* CoinTableViewCell.swift in Sources */,
				CE30E93426D391BA00A24355 /* AppDelegate.swift in Sources */,
				CE30E97E26D39BF100A24355 /* RankingViewModel.swift in Sources */,
				CE61843B26D631F300F16FF0 /* RankingUseCase.swift in Sources */,
				CE74199B26D494120044308C /* CoinCollectionViewCell.swift in Sources */,
				CE7419AB26D498CA0044308C /* HomeNavigator.swift in Sources */,
				CE30E93626D391BA00A24355 /* SceneDelegate.swift in Sources */,
				CE61843D26D631FE00F16FF0 /* RankingNavigator.swift in Sources */,
				CE74197A26D3DEA90044308C /* Network.swift in Sources */,
				CE74198326D3DF360044308C /* CoinDetail.swift in Sources */,
				CE7419B126D4990F0044308C /* DetailViewModel.swift in Sources */,
				CE74197F26D3DEF70044308C /* Coin.swift in Sources */,
				CE30E97826D39B9600A24355 /* HomeViewModel.swift in Sources */,
				CE7419AE26D499040044308C /* DetailViewController.swift in Sources */,
				CE74197826D3DE9C0044308C /* APIService.swift in Sources */,
				CE30E97526D39B8800A24355 /* HomeViewController.swift in Sources */,
				CE30E98126D39C3700A24355 /* FavoriteViewController.swift in Sources */,
				CE7419A026D496900044308C /* UILabel+Extensions.swift in Sources */,
				CE74198A26D3E3E60044308C /* CoinResponse.swift in Sources */,
				CE7419A926D498B90044308C /* HomeUseCase.swift in Sources */,
				CE30E97B26D39BDA00A24355 /* RankingViewController.swift in Sources */,
				CE7419B826D4DA940044308C /* Constants.swift in Sources */,
			);
			runOnlyForDeploymentPostprocessing = 0;
		};
/* End PBXSourcesBuildPhase section */

/* Begin PBXVariantGroup section */
		CE30E93E26D391BD00A24355 /* LaunchScreen.storyboard */ = {
			isa = PBXVariantGroup;
			children = (
				CE30E93F26D391BD00A24355 /* Base */,
			);
			name = LaunchScreen.storyboard;
			sourceTree = "<group>";
		};
/* End PBXVariantGroup section */

/* Begin XCBuildConfiguration section */
		CE30E94226D391BD00A24355 /* Debug */ = {
			isa = XCBuildConfiguration;
			buildSettings = {
				ALWAYS_SEARCH_USER_PATHS = NO;
				CLANG_ANALYZER_NONNULL = YES;
				CLANG_ANALYZER_NUMBER_OBJECT_CONVERSION = YES_AGGRESSIVE;
				CLANG_CXX_LANGUAGE_STANDARD = "gnu++14";
				CLANG_CXX_LIBRARY = "libc++";
				CLANG_ENABLE_MODULES = YES;
				CLANG_ENABLE_OBJC_ARC = YES;
				CLANG_ENABLE_OBJC_WEAK = YES;
				CLANG_WARN_BLOCK_CAPTURE_AUTORELEASING = YES;
				CLANG_WARN_BOOL_CONVERSION = YES;
				CLANG_WARN_COMMA = YES;
				CLANG_WARN_CONSTANT_CONVERSION = YES;
				CLANG_WARN_DEPRECATED_OBJC_IMPLEMENTATIONS = YES;
				CLANG_WARN_DIRECT_OBJC_ISA_USAGE = YES_ERROR;
				CLANG_WARN_DOCUMENTATION_COMMENTS = YES;
				CLANG_WARN_EMPTY_BODY = YES;
				CLANG_WARN_ENUM_CONVERSION = YES;
				CLANG_WARN_INFINITE_RECURSION = YES;
				CLANG_WARN_INT_CONVERSION = YES;
				CLANG_WARN_NON_LITERAL_NULL_CONVERSION = YES;
				CLANG_WARN_OBJC_IMPLICIT_RETAIN_SELF = YES;
				CLANG_WARN_OBJC_LITERAL_CONVERSION = YES;
				CLANG_WARN_OBJC_ROOT_CLASS = YES_ERROR;
				CLANG_WARN_QUOTED_INCLUDE_IN_FRAMEWORK_HEADER = YES;
				CLANG_WARN_RANGE_LOOP_ANALYSIS = YES;
				CLANG_WARN_STRICT_PROTOTYPES = YES;
				CLANG_WARN_SUSPICIOUS_MOVE = YES;
				CLANG_WARN_UNGUARDED_AVAILABILITY = YES_AGGRESSIVE;
				CLANG_WARN_UNREACHABLE_CODE = YES;
				CLANG_WARN__DUPLICATE_METHOD_MATCH = YES;
				COPY_PHASE_STRIP = NO;
				DEBUG_INFORMATION_FORMAT = dwarf;
				ENABLE_STRICT_OBJC_MSGSEND = YES;
				ENABLE_TESTABILITY = YES;
				GCC_C_LANGUAGE_STANDARD = gnu11;
				GCC_DYNAMIC_NO_PIC = NO;
				GCC_NO_COMMON_BLOCKS = YES;
				GCC_OPTIMIZATION_LEVEL = 0;
				GCC_PREPROCESSOR_DEFINITIONS = (
					"DEBUG=1",
					"$(inherited)",
				);
				GCC_WARN_64_TO_32_BIT_CONVERSION = YES;
				GCC_WARN_ABOUT_RETURN_TYPE = YES_ERROR;
				GCC_WARN_UNDECLARED_SELECTOR = YES;
				GCC_WARN_UNINITIALIZED_AUTOS = YES_AGGRESSIVE;
				GCC_WARN_UNUSED_FUNCTION = YES;
				GCC_WARN_UNUSED_VARIABLE = YES;
				IPHONEOS_DEPLOYMENT_TARGET = 14.5;
				MTL_ENABLE_DEBUG_INFO = INCLUDE_SOURCE;
				MTL_FAST_MATH = YES;
				ONLY_ACTIVE_ARCH = YES;
				SDKROOT = iphoneos;
				SWIFT_ACTIVE_COMPILATION_CONDITIONS = DEBUG;
				SWIFT_OPTIMIZATION_LEVEL = "-Onone";
			};
			name = Debug;
		};
		CE30E94326D391BD00A24355 /* Release */ = {
			isa = XCBuildConfiguration;
			buildSettings = {
				ALWAYS_SEARCH_USER_PATHS = NO;
				CLANG_ANALYZER_NONNULL = YES;
				CLANG_ANALYZER_NUMBER_OBJECT_CONVERSION = YES_AGGRESSIVE;
				CLANG_CXX_LANGUAGE_STANDARD = "gnu++14";
				CLANG_CXX_LIBRARY = "libc++";
				CLANG_ENABLE_MODULES = YES;
				CLANG_ENABLE_OBJC_ARC = YES;
				CLANG_ENABLE_OBJC_WEAK = YES;
				CLANG_WARN_BLOCK_CAPTURE_AUTORELEASING = YES;
				CLANG_WARN_BOOL_CONVERSION = YES;
				CLANG_WARN_COMMA = YES;
				CLANG_WARN_CONSTANT_CONVERSION = YES;
				CLANG_WARN_DEPRECATED_OBJC_IMPLEMENTATIONS = YES;
				CLANG_WARN_DIRECT_OBJC_ISA_USAGE = YES_ERROR;
				CLANG_WARN_DOCUMENTATION_COMMENTS = YES;
				CLANG_WARN_EMPTY_BODY = YES;
				CLANG_WARN_ENUM_CONVERSION = YES;
				CLANG_WARN_INFINITE_RECURSION = YES;
				CLANG_WARN_INT_CONVERSION = YES;
				CLANG_WARN_NON_LITERAL_NULL_CONVERSION = YES;
				CLANG_WARN_OBJC_IMPLICIT_RETAIN_SELF = YES;
				CLANG_WARN_OBJC_LITERAL_CONVERSION = YES;
				CLANG_WARN_OBJC_ROOT_CLASS = YES_ERROR;
				CLANG_WARN_QUOTED_INCLUDE_IN_FRAMEWORK_HEADER = YES;
				CLANG_WARN_RANGE_LOOP_ANALYSIS = YES;
				CLANG_WARN_STRICT_PROTOTYPES = YES;
				CLANG_WARN_SUSPICIOUS_MOVE = YES;
				CLANG_WARN_UNGUARDED_AVAILABILITY = YES_AGGRESSIVE;
				CLANG_WARN_UNREACHABLE_CODE = YES;
				CLANG_WARN__DUPLICATE_METHOD_MATCH = YES;
				COPY_PHASE_STRIP = NO;
				DEBUG_INFORMATION_FORMAT = "dwarf-with-dsym";
				ENABLE_NS_ASSERTIONS = NO;
				ENABLE_STRICT_OBJC_MSGSEND = YES;
				GCC_C_LANGUAGE_STANDARD = gnu11;
				GCC_NO_COMMON_BLOCKS = YES;
				GCC_WARN_64_TO_32_BIT_CONVERSION = YES;
				GCC_WARN_ABOUT_RETURN_TYPE = YES_ERROR;
				GCC_WARN_UNDECLARED_SELECTOR = YES;
				GCC_WARN_UNINITIALIZED_AUTOS = YES_AGGRESSIVE;
				GCC_WARN_UNUSED_FUNCTION = YES;
				GCC_WARN_UNUSED_VARIABLE = YES;
				IPHONEOS_DEPLOYMENT_TARGET = 14.5;
				MTL_ENABLE_DEBUG_INFO = NO;
				MTL_FAST_MATH = YES;
				SDKROOT = iphoneos;
				SWIFT_COMPILATION_MODE = wholemodule;
				SWIFT_OPTIMIZATION_LEVEL = "-O";
				VALIDATE_PRODUCT = YES;
			};
			name = Release;
		};
		CE30E94526D391BD00A24355 /* Debug */ = {
			isa = XCBuildConfiguration;
			baseConfigurationReference = 7468DE0ADD3FDA1B06402DEA /* Pods-Crypto-Currency-Rx.debug.xcconfig */;
			buildSettings = {
				ASSETCATALOG_COMPILER_APPICON_NAME = AppIcon;
				ASSETCATALOG_COMPILER_GLOBAL_ACCENT_COLOR_NAME = AccentColor;
				CODE_SIGN_STYLE = Automatic;
				DEVELOPMENT_TEAM = 42BJ859V33;
				INFOPLIST_FILE = "Crypto-Currency-Rx/Info.plist";
				LD_RUNPATH_SEARCH_PATHS = (
					"$(inherited)",
					"@executable_path/Frameworks",
				);
				PRODUCT_BUNDLE_IDENTIFIER = "nam.Crypto-Currency-Rx";
				PRODUCT_NAME = "$(TARGET_NAME)";
				SWIFT_VERSION = 5.0;
				TARGETED_DEVICE_FAMILY = "1,2";
			};
			name = Debug;
		};
		CE30E94626D391BD00A24355 /* Release */ = {
			isa = XCBuildConfiguration;
			baseConfigurationReference = 6FA585AB9A2053451EF88369 /* Pods-Crypto-Currency-Rx.release.xcconfig */;
			buildSettings = {
				ASSETCATALOG_COMPILER_APPICON_NAME = AppIcon;
				ASSETCATALOG_COMPILER_GLOBAL_ACCENT_COLOR_NAME = AccentColor;
				CODE_SIGN_STYLE = Automatic;
				DEVELOPMENT_TEAM = 42BJ859V33;
				INFOPLIST_FILE = "Crypto-Currency-Rx/Info.plist";
				LD_RUNPATH_SEARCH_PATHS = (
					"$(inherited)",
					"@executable_path/Frameworks",
				);
				PRODUCT_BUNDLE_IDENTIFIER = "nam.Crypto-Currency-Rx";
				PRODUCT_NAME = "$(TARGET_NAME)";
				SWIFT_VERSION = 5.0;
				TARGETED_DEVICE_FAMILY = "1,2";
			};
			name = Release;
		};
/* End XCBuildConfiguration section */

/* Begin XCConfigurationList section */
		CE30E92B26D391BA00A24355 /* Build configuration list for PBXProject "Crypto-Currency-Rx" */ = {
			isa = XCConfigurationList;
			buildConfigurations = (
				CE30E94226D391BD00A24355 /* Debug */,
				CE30E94326D391BD00A24355 /* Release */,
			);
			defaultConfigurationIsVisible = 0;
			defaultConfigurationName = Release;
		};
		CE30E94426D391BD00A24355 /* Build configuration list for PBXNativeTarget "Crypto-Currency-Rx" */ = {
			isa = XCConfigurationList;
			buildConfigurations = (
				CE30E94526D391BD00A24355 /* Debug */,
				CE30E94626D391BD00A24355 /* Release */,
			);
			defaultConfigurationIsVisible = 0;
			defaultConfigurationName = Release;
		};
/* End XCConfigurationList section */

/* Begin XCRemoteSwiftPackageReference section */
		CE30E94826D3963300A24355 /* XCRemoteSwiftPackageReference "ObjectMapper" */ = {
			isa = XCRemoteSwiftPackageReference;
			repositoryURL = "https://github.com/tristanhimmelman/ObjectMapper.git";
			requirement = {
				kind = upToNextMajorVersion;
				minimumVersion = 4.2.0;
			};
		};
		CE30E95626D396E400A24355 /* XCRemoteSwiftPackageReference "Reusable" */ = {
			isa = XCRemoteSwiftPackageReference;
			repositoryURL = "https://github.com/AliSoftware/Reusable.git";
			requirement = {
				kind = upToNextMajorVersion;
				minimumVersion = 4.1.1;
			};
		};
		CE30E95926D3970A00A24355 /* XCRemoteSwiftPackageReference "Then" */ = {
			isa = XCRemoteSwiftPackageReference;
			repositoryURL = "https://github.com/devxoul/Then";
			requirement = {
				kind = upToNextMajorVersion;
				minimumVersion = 2.7.0;
			};
		};
		CE30E95C26D3975700A24355 /* XCRemoteSwiftPackageReference "Alamofire" */ = {
			isa = XCRemoteSwiftPackageReference;
			repositoryURL = "https://github.com/Alamofire/Alamofire.git";
			requirement = {
				kind = upToNextMajorVersion;
				minimumVersion = 5.4.3;
			};
		};
		CE30E96826D399AB00A24355 /* XCRemoteSwiftPackageReference "RxSwift" */ = {
			isa = XCRemoteSwiftPackageReference;
			repositoryURL = "https://github.com/ReactiveX/RxSwift.git";
			requirement = {
				kind = upToNextMajorVersion;
				minimumVersion = 6.2.0;
			};
		};
		CE7419A326D497870044308C /* XCRemoteSwiftPackageReference "SDWebImage" */ = {
			isa = XCRemoteSwiftPackageReference;
			repositoryURL = "https://github.com/SDWebImage/SDWebImage.git";
			requirement = {
				kind = upToNextMajorVersion;
				minimumVersion = 5.11.1;
			};
		};
		CE7419B426D4D85E0044308C /* XCRemoteSwiftPackageReference "RxDataSources" */ = {
			isa = XCRemoteSwiftPackageReference;
			repositoryURL = "https://github.com/RxSwiftCommunity/RxDataSources.git";
			requirement = {
				kind = upToNextMajorVersion;
				minimumVersion = 5.0.1;
			};
		};
		CEDB414526D5ED2B00E0B6E2 /* XCRemoteSwiftPackageReference "NSObject-Rx" */ = {
			isa = XCRemoteSwiftPackageReference;
			repositoryURL = "https://github.com/RxSwiftCommunity/NSObject-Rx.git";
			requirement = {
				kind = upToNextMajorVersion;
				minimumVersion = 5.2.2;
			};
		};
/* End XCRemoteSwiftPackageReference section */

/* Begin XCSwiftPackageProductDependency section */
		CE30E94926D3963300A24355 /* ObjectMapper */ = {
			isa = XCSwiftPackageProductDependency;
			package = CE30E94826D3963300A24355 /* XCRemoteSwiftPackageReference "ObjectMapper" */;
			productName = ObjectMapper;
		};
		CE30E95726D396E400A24355 /* Reusable */ = {
			isa = XCSwiftPackageProductDependency;
			package = CE30E95626D396E400A24355 /* XCRemoteSwiftPackageReference "Reusable" */;
			productName = Reusable;
		};
		CE30E95A26D3970A00A24355 /* Then */ = {
			isa = XCSwiftPackageProductDependency;
			package = CE30E95926D3970A00A24355 /* XCRemoteSwiftPackageReference "Then" */;
			productName = Then;
		};
		CE30E95D26D3975700A24355 /* Alamofire */ = {
			isa = XCSwiftPackageProductDependency;
			package = CE30E95C26D3975700A24355 /* XCRemoteSwiftPackageReference "Alamofire" */;
			productName = Alamofire;
		};
		CE30E96926D399AB00A24355 /* RxCocoa */ = {
			isa = XCSwiftPackageProductDependency;
			package = CE30E96826D399AB00A24355 /* XCRemoteSwiftPackageReference "RxSwift" */;
			productName = RxCocoa;
		};
		CE30E96B26D399AB00A24355 /* RxSwift */ = {
			isa = XCSwiftPackageProductDependency;
			package = CE30E96826D399AB00A24355 /* XCRemoteSwiftPackageReference "RxSwift" */;
			productName = RxSwift;
		};
		CE7419A426D497870044308C /* SDWebImage */ = {
			isa = XCSwiftPackageProductDependency;
			package = CE7419A326D497870044308C /* XCRemoteSwiftPackageReference "SDWebImage" */;
			productName = SDWebImage;
		};
		CE7419B526D4D85E0044308C /* RxDataSources */ = {
			isa = XCSwiftPackageProductDependency;
			package = CE7419B426D4D85E0044308C /* XCRemoteSwiftPackageReference "RxDataSources" */;
			productName = RxDataSources;
		};
		CEDB414626D5ED2B00E0B6E2 /* NSObject-Rx */ = {
			isa = XCSwiftPackageProductDependency;
			package = CEDB414526D5ED2B00E0B6E2 /* XCRemoteSwiftPackageReference "NSObject-Rx" */;
			productName = "NSObject-Rx";
		};
/* End XCSwiftPackageProductDependency section */
	};
	rootObject = CE30E92826D391BA00A24355 /* Project object */;
}
